
Microsoft Visual Studio Solution File, Format Version 12.00
# Visual Studio 2017
Project("{FAE04EC0-301F-11D3-BF4B-00C04F79EFBC}") = "ExamAspDotNet", "ExamAspDotNet.csproj", "{650D3AC8-AB41-4192-A038-83524852FC9E}"
EndProject
Global
	GlobalSection(SolutionConfigurationPlatforms) = preSolution
		Debug|Any CPU = Debug|Any CPU
		Release|Any CPU = Release|Any CPU
	EndGlobalSection
	GlobalSection(ProjectConfigurationPlatforms) = postSolution
		{650D3AC8-AB41-4192-A038-83524852FC9E}.Debug|Any CPU.ActiveCfg = Debug|Any CPU
		{650D3AC8-AB41-4192-A038-83524852FC9E}.Debug|Any CPU.Build.0 = Debug|Any CPU
		{650D3AC8-AB41-4192-A038-83524852FC9E}.Release|Any CPU.ActiveCfg = Release|Any CPU
		{650D3AC8-AB41-4192-A038-83524852FC9E}.Release|Any CPU.Build.0 = Release|Any CPU
	EndGlobalSection
EndGlobal
